// !$*UTF8*$!
{
	archiveVersion = 1;
	classes = {
	};
	objectVersion = 46;
	objects = {

/* Begin PBXBuildFile section */
		8366944B1E88B88400022D6D /* main.m in Sources */ = {isa = PBXBuildFile; fileRef = 8366944A1E88B88400022D6D /* main.m */; };
		8366944E1E88B88400022D6D /* AppDelegate.m in Sources */ = {isa = PBXBuildFile; fileRef = 8366944D1E88B88400022D6D /* AppDelegate.m */; };
		836694511E88B88400022D6D /* ViewController.m in Sources */ = {isa = PBXBuildFile; fileRef = 836694501E88B88400022D6D /* ViewController.m */; };
		836694541E88B88400022D6D /* Main.storyboard in Resources */ = {isa = PBXBuildFile; fileRef = 836694521E88B88400022D6D /* Main.storyboard */; };
		836694561E88B88400022D6D /* Assets.xcassets in Resources */ = {isa = PBXBuildFile; fileRef = 836694551E88B88400022D6D /* Assets.xcassets */; };
		836694591E88B88400022D6D /* LaunchScreen.storyboard in Resources */ = {isa = PBXBuildFile; fileRef = 836694571E88B88400022D6D /* LaunchScreen.storyboard */; };
		836694641E88B88400022D6D /* NXBannerViewTests.m in Sources */ = {isa = PBXBuildFile; fileRef = 836694631E88B88400022D6D /* NXBannerViewTests.m */; };
		8366946F1E88B88400022D6D /* NXBannerViewUITests.m in Sources */ = {isa = PBXBuildFile; fileRef = 8366946E1E88B88400022D6D /* NXBannerViewUITests.m */; };
		8366947F1E88B90000022D6D /* NXBannerView.m in Sources */ = {isa = PBXBuildFile; fileRef = 8366947E1E88B90000022D6D /* NXBannerView.m */; };
/* End PBXBuildFile section */

/* Begin PBXContainerItemProxy section */
		836694601E88B88400022D6D /* PBXContainerItemProxy */ = {
			isa = PBXContainerItemProxy;
			containerPortal = 8366943E1E88B88400022D6D /* Project object */;
			proxyType = 1;
			remoteGlobalIDString = 836694451E88B88400022D6D;
			remoteInfo = NXBannerView;
		};
		8366946B1E88B88400022D6D /* PBXContainerItemProxy */ = {
			isa = PBXContainerItemProxy;
			containerPortal = 8366943E1E88B88400022D6D /* Project object */;
			proxyType = 1;
			remoteGlobalIDString = 836694451E88B88400022D6D;
			remoteInfo = NXBannerView;
		};
/* End PBXContainerItemProxy section */

/* Begin PBXFileReference section */
		836694461E88B88400022D6D /* NXBannerView.app */ = {isa = PBXFileReference; explicitFileType = wrapper.application; includeInIndex = 0; path = NXBannerView.app; sourceTree = BUILT_PRODUCTS_DIR; };
		8366944A1E88B88400022D6D /* main.m */ = {isa = PBXFileReference; lastKnownFileType = sourcecode.c.objc; path = main.m; sourceTree = "<group>"; };
		8366944C1E88B88400022D6D /* AppDelegate.h */ = {isa = PBXFileReference; lastKnownFileType = sourcecode.c.h; path = AppDelegate.h; sourceTree = "<group>"; };
		8366944D1E88B88400022D6D /* AppDelegate.m */ = {isa = PBXFileReference; lastKnownFileType = sourcecode.c.objc; path = AppDelegate.m; sourceTree = "<group>"; };
		8366944F1E88B88400022D6D /* ViewController.h */ = {isa = PBXFileReference; lastKnownFileType = sourcecode.c.h; path = ViewController.h; sourceTree = "<group>"; };
		836694501E88B88400022D6D /* ViewController.m */ = {isa = PBXFileReference; lastKnownFileType = sourcecode.c.objc; path = ViewController.m; sourceTree = "<group>"; };
		836694531E88B88400022D6D /* Base */ = {isa = PBXFileReference; lastKnownFileType = file.storyboard; name = Base; path = Base.lproj/Main.storyboard; sourceTree = "<group>"; };
		836694551E88B88400022D6D /* Assets.xcassets */ = {isa = PBXFileReference; lastKnownFileType = folder.assetcatalog; path = Assets.xcassets; sourceTree = "<group>"; };
		836694581E88B88400022D6D /* Base */ = {isa = PBXFileReference; lastKnownFileType = file.storyboard; name = Base; path = Base.lproj/LaunchScreen.storyboard; sourceTree = "<group>"; };
		8366945A1E88B88400022D6D /* Info.plist */ = {isa = PBXFileReference; lastKnownFileType = text.plist.xml; path = Info.plist; sourceTree = "<group>"; };
		8366945F1E88B88400022D6D /* NXBannerViewTests.xctest */ = {isa = PBXFileReference; explicitFileType = wrapper.cfbundle; includeInIndex = 0; path = NXBannerViewTests.xctest; sourceTree = BUILT_PRODUCTS_DIR; };
		836694631E88B88400022D6D /* NXBannerViewTests.m */ = {isa = PBXFileReference; lastKnownFileType = sourcecode.c.objc; path = NXBannerViewTests.m; sourceTree = "<group>"; };
		836694651E88B88400022D6D /* Info.plist */ = {isa = PBXFileReference; lastKnownFileType = text.plist.xml; path = Info.plist; sourceTree = "<group>"; };
		8366946A1E88B88400022D6D /* NXBannerViewUITests.xctest */ = {isa = PBXFileReference; explicitFileType = wrapper.cfbundle; includeInIndex = 0; path = NXBannerViewUITests.xctest; sourceTree = BUILT_PRODUCTS_DIR; };
		8366946E1E88B88400022D6D /* NXBannerViewUITests.m */ = {isa = PBXFileReference; lastKnownFileType = sourcecode.c.objc; path = NXBannerViewUITests.m; sourceTree = "<group>"; };
		836694701E88B88400022D6D /* Info.plist */ = {isa = PBXFileReference; lastKnownFileType = text.plist.xml; path = Info.plist; sourceTree = "<group>"; };
		8366947D1E88B90000022D6D /* NXBannerView.h */ = {isa = PBXFileReference; fileEncoding = 4; lastKnownFileType = sourcecode.c.h; path = NXBannerView.h; sourceTree = "<group>"; };
		8366947E1E88B90000022D6D /* NXBannerView.m */ = {isa = PBXFileReference; fileEncoding = 4; lastKnownFileType = sourcecode.c.objc; path = NXBannerView.m; sourceTree = "<group>"; };
/* End PBXFileReference section */

/* Begin PBXFrameworksBuildPhase section */
		836694431E88B88400022D6D /* Frameworks */ = {
			isa = PBXFrameworksBuildPhase;
			buildActionMask = 2147483647;
			files = (
			);
			runOnlyForDeploymentPostprocessing = 0;
		};
		8366945C1E88B88400022D6D /* Frameworks */ = {
			isa = PBXFrameworksBuildPhase;
			buildActionMask = 2147483647;
			files = (
			);
			runOnlyForDeploymentPostprocessing = 0;
		};
		836694671E88B88400022D6D /* Frameworks */ = {
			isa = PBXFrameworksBuildPhase;
			buildActionMask = 2147483647;
			files = (
			);
			runOnlyForDeploymentPostprocessing = 0;
		};
/* End PBXFrameworksBuildPhase section */

/* Begin PBXGroup section */
		8366943D1E88B88400022D6D = {
			isa = PBXGroup;
			children = (
				836694481E88B88400022D6D /* NXBannerView */,
				836694621E88B88400022D6D /* NXBannerViewTests */,
				8366946D1E88B88400022D6D /* NXBannerViewUITests */,
				836694471E88B88400022D6D /* Products */,
			);
			sourceTree = "<group>";
		};
		836694471E88B88400022D6D /* Products */ = {
			isa = PBXGroup;
			children = (
				836694461E88B88400022D6D /* NXBannerView.app */,
				8366945F1E88B88400022D6D /* NXBannerViewTests.xctest */,
				8366946A1E88B88400022D6D /* NXBannerViewUITests.xctest */,
			);
			name = Products;
			sourceTree = "<group>";
		};
		836694481E88B88400022D6D /* NXBannerView */ = {
			isa = PBXGroup;
			children = (
				8366947C1E88B90000022D6D /* NXBannerView */,
				8366944C1E88B88400022D6D /* AppDelegate.h */,
				8366944D1E88B88400022D6D /* AppDelegate.m */,
				8366944F1E88B88400022D6D /* ViewController.h */,
				836694501E88B88400022D6D /* ViewController.m */,
				836694521E88B88400022D6D /* Main.storyboard */,
				836694551E88B88400022D6D /* Assets.xcassets */,
				836694571E88B88400022D6D /* LaunchScreen.storyboard */,
				8366945A1E88B88400022D6D /* Info.plist */,
				836694491E88B88400022D6D /* Supporting Files */,
			);
			path = NXBannerView;
			sourceTree = "<group>";
		};
		836694491E88B88400022D6D /* Supporting Files */ = {
			isa = PBXGroup;
			children = (
				8366944A1E88B88400022D6D /* main.m */,
			);
			name = "Supporting Files";
			sourceTree = "<group>";
		};
		836694621E88B88400022D6D /* NXBannerViewTests */ = {
			isa = PBXGroup;
			children = (
				836694631E88B88400022D6D /* NXBannerViewTests.m */,
				836694651E88B88400022D6D /* Info.plist */,
			);
			path = NXBannerViewTests;
			sourceTree = "<group>";
		};
		8366946D1E88B88400022D6D /* NXBannerViewUITests */ = {
			isa = PBXGroup;
			children = (
				8366946E1E88B88400022D6D /* NXBannerViewUITests.m */,
				836694701E88B88400022D6D /* Info.plist */,
			);
			path = NXBannerViewUITests;
			sourceTree = "<group>";
		};
		8366947C1E88B90000022D6D /* NXBannerView */ = {
			isa = PBXGroup;
			children = (
				8366947D1E88B90000022D6D /* NXBannerView.h */,
				8366947E1E88B90000022D6D /* NXBannerView.m */,
			);
			path = NXBannerView;
			sourceTree = "<group>";
		};
/* End PBXGroup section */

/* Begin PBXNativeTarget section */
		836694451E88B88400022D6D /* NXBannerView */ = {
			isa = PBXNativeTarget;
			buildConfigurationList = 836694731E88B88400022D6D /* Build configuration list for PBXNativeTarget "NXBannerView" */;
			buildPhases = (
				836694421E88B88400022D6D /* Sources */,
				836694431E88B88400022D6D /* Frameworks */,
				836694441E88B88400022D6D /* Resources */,
			);
			buildRules = (
			);
			dependencies = (
			);
			name = NXBannerView;
			productName = NXBannerView;
			productReference = 836694461E88B88400022D6D /* NXBannerView.app */;
			productType = "com.apple.product-type.application";
		};
		8366945E1E88B88400022D6D /* NXBannerViewTests */ = {
			isa = PBXNativeTarget;
			buildConfigurationList = 836694761E88B88400022D6D /* Build configuration list for PBXNativeTarget "NXBannerViewTests" */;
			buildPhases = (
				8366945B1E88B88400022D6D /* Sources */,
				8366945C1E88B88400022D6D /* Frameworks */,
				8366945D1E88B88400022D6D /* Resources */,
			);
			buildRules = (
			);
			dependencies = (
				836694611E88B88400022D6D /* PBXTargetDependency */,
			);
			name = NXBannerViewTests;
			productName = NXBannerViewTests;
			productReference = 8366945F1E88B88400022D6D /* NXBannerViewTests.xctest */;
			productType = "com.apple.product-type.bundle.unit-test";
		};
		836694691E88B88400022D6D /* NXBannerViewUITests */ = {
			isa = PBXNativeTarget;
			buildConfigurationList = 836694791E88B88400022D6D /* Build configuration list for PBXNativeTarget "NXBannerViewUITests" */;
			buildPhases = (
				836694661E88B88400022D6D /* Sources */,
				836694671E88B88400022D6D /* Frameworks */,
				836694681E88B88400022D6D /* Resources */,
			);
			buildRules = (
			);
			dependencies = (
				8366946C1E88B88400022D6D /* PBXTargetDependency */,
			);
			name = NXBannerViewUITests;
			productName = NXBannerViewUITests;
			productReference = 8366946A1E88B88400022D6D /* NXBannerViewUITests.xctest */;
			productType = "com.apple.product-type.bundle.ui-testing";
		};
/* End PBXNativeTarget section */

/* Begin PBXProject section */
		8366943E1E88B88400022D6D /* Project object */ = {
			isa = PBXProject;
			attributes = {
				LastUpgradeCheck = 0820;
				ORGANIZATIONNAME = Chris;
				TargetAttributes = {
					836694451E88B88400022D6D = {
						CreatedOnToolsVersion = 8.2;
						DevelopmentTeam = 3RS294X472;
						ProvisioningStyle = Automatic;
					};
					8366945E1E88B88400022D6D = {
						CreatedOnToolsVersion = 8.2;
						DevelopmentTeam = 3RS294X472;
						ProvisioningStyle = Automatic;
						TestTargetID = 836694451E88B88400022D6D;
					};
					836694691E88B88400022D6D = {
						CreatedOnToolsVersion = 8.2;
						DevelopmentTeam = 3RS294X472;
						ProvisioningStyle = Automatic;
						TestTargetID = 836694451E88B88400022D6D;
					};
				};
			};
			buildConfigurationList = 836694411E88B88400022D6D /* Build configuration list for PBXProject "NXBannerView" */;
			compatibilityVersion = "Xcode 3.2";
			developmentRegion = English;
			hasScannedForEncodings = 0;
			knownRegions = (
				en,
				Base,
			);
			mainGroup = 8366943D1E88B88400022D6D;
			productRefGroup = 836694471E88B88400022D6D /* Products */;
			projectDirPath = "";
			projectRoot = "";
			targets = (
				836694451E88B88400022D6D /* NXBannerView */,
				8366945E1E88B88400022D6D /* NXBannerViewTests */,
				836694691E88B88400022D6D /* NXBannerViewUITests */,
			);
		};
/* End PBXProject section */

/* Begin PBXResourcesBuildPhase section */
		836694441E88B88400022D6D /* Resources */ = {
			isa = PBXResourcesBuildPhase;
			buildActionMask = 2147483647;
			files = (
				836694591E88B88400022D6D /* LaunchScreen.storyboard in Resources */,
				836694561E88B88400022D6D /* Assets.xcassets in Resources */,
				836694541E88B88400022D6D /* Main.storyboard in Resources */,
			);
			runOnlyForDeploymentPostprocessing = 0;
		};
		8366945D1E88B88400022D6D /* Resources */ = {
			isa = PBXResourcesBuildPhase;
			buildActionMask = 2147483647;
			files = (
			);
			runOnlyForDeploymentPostprocessing = 0;
		};
		836694681E88B88400022D6D /* Resources */ = {
			isa = PBXResourcesBuildPhase;
			buildActionMask = 2147483647;
			files = (
			);
			runOnlyForDeploymentPostprocessing = 0;
		};
/* End PBXResourcesBuildPhase section */

/* Begin PBXSourcesBuildPhase section */
		836694421E88B88400022D6D /* Sources */ = {
			isa = PBXSourcesBuildPhase;
			buildActionMask = 2147483647;
			files = (
				8366947F1E88B90000022D6D /* NXBannerView.m in Sources */,
				836694511E88B88400022D6D /* ViewController.m in Sources */,
				8366944E1E88B88400022D6D /* AppDelegate.m in Sources */,
				8366944B1E88B88400022D6D /* main.m in Sources */,
			);
			runOnlyForDeploymentPostprocessing = 0;
		};
		8366945B1E88B88400022D6D /* Sources */ = {
			isa = PBXSourcesBuildPhase;
			buildActionMask = 2147483647;
			files = (
				836694641E88B88400022D6D /* NXBannerViewTests.m in Sources */,
			);
			runOnlyForDeploymentPostprocessing = 0;
		};
		836694661E88B88400022D6D /* Sources */ = {
			isa = PBXSourcesBuildPhase;
			buildActionMask = 2147483647;
			files = (
				8366946F1E88B88400022D6D /* NXBannerViewUITests.m in Sources */,
			);
			runOnlyForDeploymentPostprocessing = 0;
		};
/* End PBXSourcesBuildPhase section */

/* Begin PBXTargetDependency section */
		836694611E88B88400022D6D /* PBXTargetDependency */ = {
			isa = PBXTargetDependency;
			target = 836694451E88B88400022D6D /* NXBannerView */;
			targetProxy = 836694601E88B88400022D6D /* PBXContainerItemProxy */;
		};
		8366946C1E88B88400022D6D /* PBXTargetDependency */ = {
			isa = PBXTargetDependency;
			target = 836694451E88B88400022D6D /* NXBannerView */;
			targetProxy = 8366946B1E88B88400022D6D /* PBXContainerItemProxy */;
		};
/* End PBXTargetDependency section */

/* Begin PBXVariantGroup section */
		836694521E88B88400022D6D /* Main.storyboard */ = {
			isa = PBXVariantGroup;
			children = (
				836694531E88B88400022D6D /* Base */,
			);
			name = Main.storyboard;
			sourceTree = "<group>";
		};
		836694571E88B88400022D6D /* LaunchScreen.storyboard */ = {
			isa = PBXVariantGroup;
			children = (
				836694581E88B88400022D6D /* Base */,
			);
			name = LaunchScreen.storyboard;
			sourceTree = "<group>";
		};
/* End PBXVariantGroup section */

/* Begin XCBuildConfiguration section */
		836694711E88B88400022D6D /* Debug */ = {
			isa = XCBuildConfiguration;
			buildSettings = {
				ALWAYS_SEARCH_USER_PATHS = NO;
				CLANG_ANALYZER_NONNULL = YES;
				CLANG_CXX_LANGUAGE_STANDARD = "gnu++0x";
				CLANG_CXX_LIBRARY = "libc++";
				CLANG_ENABLE_MODULES = YES;
				CLANG_ENABLE_OBJC_ARC = YES;
				CLANG_WARN_BOOL_CONVERSION = YES;
				CLANG_WARN_CONSTANT_CONVERSION = YES;
				CLANG_WARN_DIRECT_OBJC_ISA_USAGE = YES_ERROR;
				CLANG_WARN_DOCUMENTATION_COMMENTS = YES;
				CLANG_WARN_EMPTY_BODY = YES;
				CLANG_WARN_ENUM_CONVERSION = YES;
				CLANG_WARN_INFINITE_RECURSION = YES;
				CLANG_WARN_INT_CONVERSION = YES;
				CLANG_WARN_OBJC_ROOT_CLASS = YES_ERROR;
				CLANG_WARN_SUSPICIOUS_MOVE = YES;
				CLANG_WARN_UNREACHABLE_CODE = YES;
				CLANG_WARN__DUPLICATE_METHOD_MATCH = YES;
				"CODE_SIGN_IDENTITY[sdk=iphoneos*]" = "iPhone Developer";
				COPY_PHASE_STRIP = NO;
				DEBUG_INFORMATION_FORMAT = dwarf;
				ENABLE_STRICT_OBJC_MSGSEND = YES;
				ENABLE_TESTABILITY = YES;
				GCC_C_LANGUAGE_STANDARD = gnu99;
				GCC_DYNAMIC_NO_PIC = NO;
				GCC_NO_COMMON_BLOCKS = YES;
				GCC_OPTIMIZATION_LEVEL = 0;
				GCC_PREPROCESSOR_DEFINITIONS = (
					"DEBUG=1",
					"$(inherited)",
				);
				GCC_WARN_64_TO_32_BIT_CONVERSION = YES;
				GCC_WARN_ABOUT_RETURN_TYPE = YES_ERROR;
				GCC_WARN_UNDECLARED_SELECTOR = YES;
				GCC_WARN_UNINITIALIZED_AUTOS = YES_AGGRESSIVE;
				GCC_WARN_UNUSED_FUNCTION = YES;
				GCC_WARN_UNUSED_VARIABLE = YES;
				IPHONEOS_DEPLOYMENT_TARGET = 10.2;
				MTL_ENABLE_DEBUG_INFO = YES;
				ONLY_ACTIVE_ARCH = YES;
				SDKROOT = iphoneos;
				TARGETED_DEVICE_FAMILY = "1,2";
			};
			name = Debug;
		};
		836694721E88B88400022D6D /* Release */ = {
			isa = XCBuildConfiguration;
			buildSettings = {
				ALWAYS_SEARCH_USER_PATHS = NO;
				CLANG_ANALYZER_NONNULL = YES;
				CLANG_CXX_LANGUAGE_STANDARD = "gnu++0x";
				CLANG_CXX_LIBRARY = "libc++";
				CLANG_ENABLE_MODULES = YES;
				CLANG_ENABLE_OBJC_ARC = YES;
				CLANG_WARN_BOOL_CONVERSION = YES;
				CLANG_WARN_CONSTANT_CONVERSION = YES;
				CLANG_WARN_DIRECT_OBJC_ISA_USAGE = YES_ERROR;
				CLANG_WARN_DOCUMENTATION_COMMENTS = YES;
				CLANG_WARN_EMPTY_BODY = YES;
				CLANG_WARN_ENUM_CONVERSION = YES;
				CLANG_WARN_INFINITE_RECURSION = YES;
				CLANG_WARN_INT_CONVERSION = YES;
				CLANG_WARN_OBJC_ROOT_CLASS = YES_ERROR;
				CLANG_WARN_SUSPICIOUS_MOVE = YES;
				CLANG_WARN_UNREACHABLE_CODE = YES;
				CLANG_WARN__DUPLICATE_METHOD_MATCH = YES;
				"CODE_SIGN_IDENTITY[sdk=iphoneos*]" = "iPhone Developer";
				COPY_PHASE_STRIP = NO;
				DEBUG_INFORMATION_FORMAT = "dwarf-with-dsym";
				ENABLE_NS_ASSERTIONS = NO;
				ENABLE_STRICT_OBJC_MSGSEND = YES;
				GCC_C_LANGUAGE_STANDARD = gnu99;
				GCC_NO_COMMON_BLOCKS = YES;
				GCC_WARN_64_TO_32_BIT_CONVERSION = YES;
				GCC_WARN_ABOUT_RETURN_TYPE = YES_ERROR;
				GCC_WARN_UNDECLARED_SELECTOR = YES;
				GCC_WARN_UNINITIALIZED_AUTOS = YES_AGGRESSIVE;
				GCC_WARN_UNUSED_FUNCTION = YES;
				GCC_WARN_UNUSED_VARIABLE = YES;
				IPHONEOS_DEPLOYMENT_TARGET = 10.2;
				MTL_ENABLE_DEBUG_INFO = NO;
				SDKROOT = iphoneos;
				TARGETED_DEVICE_FAMILY = "1,2";
				VALIDATE_PRODUCT = YES;
			};
			name = Release;
		};
		836694741E88B88400022D6D /* Debug */ = {
			isa = XCBuildConfiguration;
			buildSettings = {
				ASSETCATALOG_COMPILER_APPICON_NAME = AppIcon;
				DEVELOPMENT_TEAM = 3RS294X472;
				INFOPLIST_FILE = NXBannerView/Info.plist;
				LD_RUNPATH_SEARCH_PATHS = "$(inherited) @executable_path/Frameworks";
				PRODUCT_BUNDLE_IDENTIFIER = ChrisK.NXBannerView;
				PRODUCT_NAME = "$(TARGET_NAME)";
			};
			name = Debug;
		};
		836694751E88B88400022D6D /* Release */ = {
			isa = XCBuildConfiguration;
			buildSettings = {
				ASSETCATALOG_COMPILER_APPICON_NAME = AppIcon;
				DEVELOPMENT_TEAM = 3RS294X472;
				INFOPLIST_FILE = NXBannerView/Info.plist;
				LD_RUNPATH_SEARCH_PATHS = "$(inherited) @executable_path/Frameworks";
				PRODUCT_BUNDLE_IDENTIFIER = ChrisK.NXBannerView;
				PRODUCT_NAME = "$(TARGET_NAME)";
			};
			name = Release;
		};
		836694771E88B88400022D6D /* Debug */ = {
			isa = XCBuildConfiguration;
			buildSettings = {
				BUNDLE_LOADER = "$(TEST_HOST)";
				DEVELOPMENT_TEAM = 3RS294X472;
				INFOPLIST_FILE = NXBannerViewTests/Info.plist;
				LD_RUNPATH_SEARCH_PATHS = "$(inherited) @executable_path/Frameworks @loader_path/Frameworks";
				PRODUCT_BUNDLE_IDENTIFIER = ChrisK.NXBannerViewTests;
				PRODUCT_NAME = "$(TARGET_NAME)";
				TEST_HOST = "$(BUILT_PRODUCTS_DIR)/NXBannerView.app/NXBannerView";
			};
			name = Debug;
		};
		836694781E88B88400022D6D /* Release */ = {
			isa = XCBuildConfiguration;
			buildSettings = {
				BUNDLE_LOADER = "$(TEST_HOST)";
				DEVELOPMENT_TEAM = 3RS294X472;
				INFOPLIST_FILE = NXBannerViewTests/Info.plist;
				LD_RUNPATH_SEARCH_PATHS = "$(inherited) @executable_path/Frameworks @loader_path/Frameworks";
				PRODUCT_BUNDLE_IDENTIFIER = ChrisK.NXBannerViewTests;
				PRODUCT_NAME = "$(TARGET_NAME)";
				TEST_HOST = "$(BUILT_PRODUCTS_DIR)/NXBannerView.app/NXBannerView";
			};
			name = Release;
		};
		8366947A1E88B88400022D6D /* Debug */ = {
			isa = XCBuildConfiguration;
			buildSettings = {
				DEVELOPMENT_TEAM = 3RS294X472;
				INFOPLIST_FILE = NXBannerViewUITests/Info.plist;
				LD_RUNPATH_SEARCH_PATHS = "$(inherited) @executable_path/Frameworks @loader_path/Frameworks";
				PRODUCT_BUNDLE_IDENTIFIER = ChrisK.NXBannerViewUITests;
				PRODUCT_NAME = "$(TARGET_NAME)";
				TEST_TARGET_NAME = NXBannerView;
			};
			name = Debug;
		};
		8366947B1E88B88400022D6D /* Release */ = {
			isa = XCBuildConfiguration;
			buildSettings = {
				DEVELOPMENT_TEAM = 3RS294X472;
				INFOPLIST_FILE = NXBannerViewUITests/Info.plist;
				LD_RUNPATH_SEARCH_PATHS = "$(inherited) @executable_path/Frameworks @loader_path/Frameworks";
				PRODUCT_BUNDLE_IDENTIFIER = ChrisK.NXBannerViewUITests;
				PRODUCT_NAME = "$(TARGET_NAME)";
				TEST_TARGET_NAME = NXBannerView;
			};
			name = Release;
		};
/* End XCBuildConfiguration section */

/* Begin XCConfigurationList section */
		836694411E88B88400022D6D /* Build configuration list for PBXProject "NXBannerView" */ = {
			isa = XCConfigurationList;
			buildConfigurations = (
				836694711E88B88400022D6D /* Debug */,
				836694721E88B88400022D6D /* Release */,
			);
			defaultConfigurationIsVisible = 0;
			defaultConfigurationName = Release;
		};
		836694731E88B88400022D6D /* Build configuration list for PBXNativeTarget "NXBannerView" */ = {
			isa = XCConfigurationList;
			buildConfigurations = (
				836694741E88B88400022D6D /* Debug */,
				836694751E88B88400022D6D /* Release */,
			);
			defaultConfigurationIsVisible = 0;
		};
		836694761E88B88400022D6D /* Build configuration list for PBXNativeTarget "NXBannerViewTests" */ = {
			isa = XCConfigurationList;
			buildConfigurations = (
				836694771E88B88400022D6D /* Debug */,
				836694781E88B88400022D6D /* Release */,
			);
			defaultConfigurationIsVisible = 0;
		};
		836694791E88B88400022D6D /* Build configuration list for PBXNativeTarget "NXBannerViewUITests" */ = {
			isa = XCConfigurationList;
			buildConfigurations = (
				8366947A1E88B88400022D6D /* Debug */,
				8366947B1E88B88400022D6D /* Release */,
			);
			defaultConfigurationIsVisible = 0;
		};
/* End XCConfigurationList section */
	};
	rootObject = 8366943E1E88B88400022D6D /* Project object */;
}
