// !$*UTF8*$!
{
	archiveVersion = 1;
	classes = {
	};
	objectVersion = 46;
	objects = {

/* Begin PBXBuildFile section */
		8366948E1E88C31F00022D6D /* main.m in Sources */ = {isa = PBXBuildFile; fileRef = 8366948D1E88C31F00022D6D /* main.m */; };
		836694911E88C32000022D6D /* AppDelegate.m in Sources */ = {isa = PBXBuildFile; fileRef = 836694901E88C32000022D6D /* AppDelegate.m */; };
		836694941E88C32000022D6D /* ViewController.m in Sources */ = {isa = PBXBuildFile; fileRef = 836694931E88C32000022D6D /* ViewController.m */; };
		836694971E88C32000022D6D /* Main.storyboard in Resources */ = {isa = PBXBuildFile; fileRef = 836694951E88C32000022D6D /* Main.storyboard */; };
		836694991E88C32000022D6D /* Assets.xcassets in Resources */ = {isa = PBXBuildFile; fileRef = 836694981E88C32000022D6D /* Assets.xcassets */; };
		8366949C1E88C32000022D6D /* LaunchScreen.storyboard in Resources */ = {isa = PBXBuildFile; fileRef = 8366949A1E88C32000022D6D /* LaunchScreen.storyboard */; };
		836694A71E88C32000022D6D /* NXBannerViewExampleTests.m in Sources */ = {isa = PBXBuildFile; fileRef = 836694A61E88C32000022D6D /* NXBannerViewExampleTests.m */; };
		836694B21E88C32000022D6D /* NXBannerViewExampleUITests.m in Sources */ = {isa = PBXBuildFile; fileRef = 836694B11E88C32000022D6D /* NXBannerViewExampleUITests.m */; };
		836694C21E88CC3500022D6D /* NXBannerView.m in Sources */ = {isa = PBXBuildFile; fileRef = 836694C11E88CC3500022D6D /* NXBannerView.m */; };
		836694F01E88D5F400022D6D /* MKAnnotationView+WebCache.m in Sources */ = {isa = PBXBuildFile; fileRef = 836694C91E88D5F400022D6D /* MKAnnotationView+WebCache.m */; };
		836694F11E88D5F400022D6D /* NSData+ImageContentType.m in Sources */ = {isa = PBXBuildFile; fileRef = 836694CB1E88D5F400022D6D /* NSData+ImageContentType.m */; };
		836694F21E88D5F400022D6D /* NSImage+WebCache.m in Sources */ = {isa = PBXBuildFile; fileRef = 836694CD1E88D5F400022D6D /* NSImage+WebCache.m */; };
		836694F31E88D5F400022D6D /* SDImageCache.m in Sources */ = {isa = PBXBuildFile; fileRef = 836694CF1E88D5F400022D6D /* SDImageCache.m */; };
		836694F41E88D5F400022D6D /* SDImageCacheConfig.m in Sources */ = {isa = PBXBuildFile; fileRef = 836694D11E88D5F400022D6D /* SDImageCacheConfig.m */; };
		836694F51E88D5F400022D6D /* SDWebImageCompat.m in Sources */ = {isa = PBXBuildFile; fileRef = 836694D31E88D5F400022D6D /* SDWebImageCompat.m */; };
		836694F61E88D5F400022D6D /* SDWebImageDecoder.m in Sources */ = {isa = PBXBuildFile; fileRef = 836694D51E88D5F400022D6D /* SDWebImageDecoder.m */; };
		836694F71E88D5F400022D6D /* SDWebImageDownloader.m in Sources */ = {isa = PBXBuildFile; fileRef = 836694D71E88D5F400022D6D /* SDWebImageDownloader.m */; };
		836694F81E88D5F400022D6D /* SDWebImageDownloaderOperation.m in Sources */ = {isa = PBXBuildFile; fileRef = 836694D91E88D5F400022D6D /* SDWebImageDownloaderOperation.m */; };
		836694F91E88D5F400022D6D /* SDWebImageManager.m in Sources */ = {isa = PBXBuildFile; fileRef = 836694DB1E88D5F400022D6D /* SDWebImageManager.m */; };
		836694FA1E88D5F400022D6D /* SDWebImagePrefetcher.m in Sources */ = {isa = PBXBuildFile; fileRef = 836694DE1E88D5F400022D6D /* SDWebImagePrefetcher.m */; };
		836694FB1E88D5F400022D6D /* UIButton+WebCache.m in Sources */ = {isa = PBXBuildFile; fileRef = 836694E01E88D5F400022D6D /* UIButton+WebCache.m */; };
		836694FC1E88D5F400022D6D /* UIImage+GIF.m in Sources */ = {isa = PBXBuildFile; fileRef = 836694E21E88D5F400022D6D /* UIImage+GIF.m */; };
		836694FD1E88D5F400022D6D /* UIImage+MultiFormat.m in Sources */ = {isa = PBXBuildFile; fileRef = 836694E41E88D5F400022D6D /* UIImage+MultiFormat.m */; };
		836694FE1E88D5F400022D6D /* UIImage+WebP.m in Sources */ = {isa = PBXBuildFile; fileRef = 836694E61E88D5F400022D6D /* UIImage+WebP.m */; };
		836694FF1E88D5F400022D6D /* UIImageView+HighlightedWebCache.m in Sources */ = {isa = PBXBuildFile; fileRef = 836694E81E88D5F400022D6D /* UIImageView+HighlightedWebCache.m */; };
		836695001E88D5F400022D6D /* UIImageView+WebCache.m in Sources */ = {isa = PBXBuildFile; fileRef = 836694EA1E88D5F400022D6D /* UIImageView+WebCache.m */; };
		836695011E88D5F400022D6D /* UIView+WebCache.m in Sources */ = {isa = PBXBuildFile; fileRef = 836694EC1E88D5F400022D6D /* UIView+WebCache.m */; };
		836695021E88D5F400022D6D /* UIView+WebCacheOperation.m in Sources */ = {isa = PBXBuildFile; fileRef = 836694EE1E88D5F400022D6D /* UIView+WebCacheOperation.m */; };
/* End PBXBuildFile section */

/* Begin PBXContainerItemProxy section */
		836694A31E88C32000022D6D /* PBXContainerItemProxy */ = {
			isa = PBXContainerItemProxy;
			containerPortal = 836694811E88C31F00022D6D /* Project object */;
			proxyType = 1;
			remoteGlobalIDString = 836694881E88C31F00022D6D;
			remoteInfo = NXBannerViewExample;
		};
		836694AE1E88C32000022D6D /* PBXContainerItemProxy */ = {
			isa = PBXContainerItemProxy;
			containerPortal = 836694811E88C31F00022D6D /* Project object */;
			proxyType = 1;
			remoteGlobalIDString = 836694881E88C31F00022D6D;
			remoteInfo = NXBannerViewExample;
		};
/* End PBXContainerItemProxy section */

/* Begin PBXFileReference section */
		836694891E88C31F00022D6D /* NXBannerViewExample.app */ = {isa = PBXFileReference; explicitFileType = wrapper.application; includeInIndex = 0; path = NXBannerViewExample.app; sourceTree = BUILT_PRODUCTS_DIR; };
		8366948D1E88C31F00022D6D /* main.m */ = {isa = PBXFileReference; lastKnownFileType = sourcecode.c.objc; path = main.m; sourceTree = "<group>"; };
		8366948F1E88C32000022D6D /* AppDelegate.h */ = {isa = PBXFileReference; lastKnownFileType = sourcecode.c.h; path = AppDelegate.h; sourceTree = "<group>"; };
		836694901E88C32000022D6D /* AppDelegate.m */ = {isa = PBXFileReference; lastKnownFileType = sourcecode.c.objc; path = AppDelegate.m; sourceTree = "<group>"; };
		836694921E88C32000022D6D /* ViewController.h */ = {isa = PBXFileReference; lastKnownFileType = sourcecode.c.h; path = ViewController.h; sourceTree = "<group>"; };
		836694931E88C32000022D6D /* ViewController.m */ = {isa = PBXFileReference; lastKnownFileType = sourcecode.c.objc; path = ViewController.m; sourceTree = "<group>"; };
		836694961E88C32000022D6D /* Base */ = {isa = PBXFileReference; lastKnownFileType = file.storyboard; name = Base; path = Base.lproj/Main.storyboard; sourceTree = "<group>"; };
		836694981E88C32000022D6D /* Assets.xcassets */ = {isa = PBXFileReference; lastKnownFileType = folder.assetcatalog; path = Assets.xcassets; sourceTree = "<group>"; };
		8366949B1E88C32000022D6D /* Base */ = {isa = PBXFileReference; lastKnownFileType = file.storyboard; name = Base; path = Base.lproj/LaunchScreen.storyboard; sourceTree = "<group>"; };
		8366949D1E88C32000022D6D /* Info.plist */ = {isa = PBXFileReference; lastKnownFileType = text.plist.xml; path = Info.plist; sourceTree = "<group>"; };
		836694A21E88C32000022D6D /* NXBannerViewExampleTests.xctest */ = {isa = PBXFileReference; explicitFileType = wrapper.cfbundle; includeInIndex = 0; path = NXBannerViewExampleTests.xctest; sourceTree = BUILT_PRODUCTS_DIR; };
		836694A61E88C32000022D6D /* NXBannerViewExampleTests.m */ = {isa = PBXFileReference; lastKnownFileType = sourcecode.c.objc; path = NXBannerViewExampleTests.m; sourceTree = "<group>"; };
		836694A81E88C32000022D6D /* Info.plist */ = {isa = PBXFileReference; lastKnownFileType = text.plist.xml; path = Info.plist; sourceTree = "<group>"; };
		836694AD1E88C32000022D6D /* NXBannerViewExampleUITests.xctest */ = {isa = PBXFileReference; explicitFileType = wrapper.cfbundle; includeInIndex = 0; path = NXBannerViewExampleUITests.xctest; sourceTree = BUILT_PRODUCTS_DIR; };
		836694B11E88C32000022D6D /* NXBannerViewExampleUITests.m */ = {isa = PBXFileReference; lastKnownFileType = sourcecode.c.objc; path = NXBannerViewExampleUITests.m; sourceTree = "<group>"; };
		836694B31E88C32000022D6D /* Info.plist */ = {isa = PBXFileReference; lastKnownFileType = text.plist.xml; path = Info.plist; sourceTree = "<group>"; };
		836694C01E88CC3500022D6D /* NXBannerView.h */ = {isa = PBXFileReference; fileEncoding = 4; lastKnownFileType = sourcecode.c.h; path = NXBannerView.h; sourceTree = "<group>"; };
		836694C11E88CC3500022D6D /* NXBannerView.m */ = {isa = PBXFileReference; fileEncoding = 4; lastKnownFileType = sourcecode.c.objc; path = NXBannerView.m; sourceTree = "<group>"; };
		836694C81E88D5F400022D6D /* MKAnnotationView+WebCache.h */ = {isa = PBXFileReference; fileEncoding = 4; lastKnownFileType = sourcecode.c.h; path = "MKAnnotationView+WebCache.h"; sourceTree = "<group>"; };
		836694C91E88D5F400022D6D /* MKAnnotationView+WebCache.m */ = {isa = PBXFileReference; fileEncoding = 4; lastKnownFileType = sourcecode.c.objc; path = "MKAnnotationView+WebCache.m"; sourceTree = "<group>"; };
		836694CA1E88D5F400022D6D /* NSData+ImageContentType.h */ = {isa = PBXFileReference; fileEncoding = 4; lastKnownFileType = sourcecode.c.h; path = "NSData+ImageContentType.h"; sourceTree = "<group>"; };
		836694CB1E88D5F400022D6D /* NSData+ImageContentType.m */ = {isa = PBXFileReference; fileEncoding = 4; lastKnownFileType = sourcecode.c.objc; path = "NSData+ImageContentType.m"; sourceTree = "<group>"; };
		836694CC1E88D5F400022D6D /* NSImage+WebCache.h */ = {isa = PBXFileReference; fileEncoding = 4; lastKnownFileType = sourcecode.c.h; path = "NSImage+WebCache.h"; sourceTree = "<group>"; };
		836694CD1E88D5F400022D6D /* NSImage+WebCache.m */ = {isa = PBXFileReference; fileEncoding = 4; lastKnownFileType = sourcecode.c.objc; path = "NSImage+WebCache.m"; sourceTree = "<group>"; };
		836694CE1E88D5F400022D6D /* SDImageCache.h */ = {isa = PBXFileReference; fileEncoding = 4; lastKnownFileType = sourcecode.c.h; path = SDImageCache.h; sourceTree = "<group>"; };
		836694CF1E88D5F400022D6D /* SDImageCache.m */ = {isa = PBXFileReference; fileEncoding = 4; lastKnownFileType = sourcecode.c.objc; path = SDImageCache.m; sourceTree = "<group>"; };
		836694D01E88D5F400022D6D /* SDImageCacheConfig.h */ = {isa = PBXFileReference; fileEncoding = 4; lastKnownFileType = sourcecode.c.h; path = SDImageCacheConfig.h; sourceTree = "<group>"; };
		836694D11E88D5F400022D6D /* SDImageCacheConfig.m */ = {isa = PBXFileReference; fileEncoding = 4; lastKnownFileType = sourcecode.c.objc; path = SDImageCacheConfig.m; sourceTree = "<group>"; };
		836694D21E88D5F400022D6D /* SDWebImageCompat.h */ = {isa = PBXFileReference; fileEncoding = 4; lastKnownFileType = sourcecode.c.h; path = SDWebImageCompat.h; sourceTree = "<group>"; };
		836694D31E88D5F400022D6D /* SDWebImageCompat.m */ = {isa = PBXFileReference; fileEncoding = 4; lastKnownFileType = sourcecode.c.objc; path = SDWebImageCompat.m; sourceTree = "<group>"; };
		836694D41E88D5F400022D6D /* SDWebImageDecoder.h */ = {isa = PBXFileReference; fileEncoding = 4; lastKnownFileType = sourcecode.c.h; path = SDWebImageDecoder.h; sourceTree = "<group>"; };
		836694D51E88D5F400022D6D /* SDWebImageDecoder.m */ = {isa = PBXFileReference; fileEncoding = 4; lastKnownFileType = sourcecode.c.objc; path = SDWebImageDecoder.m; sourceTree = "<group>"; };
		836694D61E88D5F400022D6D /* SDWebImageDownloader.h */ = {isa = PBXFileReference; fileEncoding = 4; lastKnownFileType = sourcecode.c.h; path = SDWebImageDownloader.h; sourceTree = "<group>"; };
		836694D71E88D5F400022D6D /* SDWebImageDownloader.m */ = {isa = PBXFileReference; fileEncoding = 4; lastKnownFileType = sourcecode.c.objc; path = SDWebImageDownloader.m; sourceTree = "<group>"; };
		836694D81E88D5F400022D6D /* SDWebImageDownloaderOperation.h */ = {isa = PBXFileReference; fileEncoding = 4; lastKnownFileType = sourcecode.c.h; path = SDWebImageDownloaderOperation.h; sourceTree = "<group>"; };
		836694D91E88D5F400022D6D /* SDWebImageDownloaderOperation.m */ = {isa = PBXFileReference; fileEncoding = 4; lastKnownFileType = sourcecode.c.objc; path = SDWebImageDownloaderOperation.m; sourceTree = "<group>"; };
		836694DA1E88D5F400022D6D /* SDWebImageManager.h */ = {isa = PBXFileReference; fileEncoding = 4; lastKnownFileType = sourcecode.c.h; path = SDWebImageManager.h; sourceTree = "<group>"; };
		836694DB1E88D5F400022D6D /* SDWebImageManager.m */ = {isa = PBXFileReference; fileEncoding = 4; lastKnownFileType = sourcecode.c.objc; path = SDWebImageManager.m; sourceTree = "<group>"; };
		836694DC1E88D5F400022D6D /* SDWebImageOperation.h */ = {isa = PBXFileReference; fileEncoding = 4; lastKnownFileType = sourcecode.c.h; path = SDWebImageOperation.h; sourceTree = "<group>"; };
		836694DD1E88D5F400022D6D /* SDWebImagePrefetcher.h */ = {isa = PBXFileReference; fileEncoding = 4; lastKnownFileType = sourcecode.c.h; path = SDWebImagePrefetcher.h; sourceTree = "<group>"; };
		836694DE1E88D5F400022D6D /* SDWebImagePrefetcher.m */ = {isa = PBXFileReference; fileEncoding = 4; lastKnownFileType = sourcecode.c.objc; path = SDWebImagePrefetcher.m; sourceTree = "<group>"; };
		836694DF1E88D5F400022D6D /* UIButton+WebCache.h */ = {isa = PBXFileReference; fileEncoding = 4; lastKnownFileType = sourcecode.c.h; path = "UIButton+WebCache.h"; sourceTree = "<group>"; };
		836694E01E88D5F400022D6D /* UIButton+WebCache.m */ = {isa = PBXFileReference; fileEncoding = 4; lastKnownFileType = sourcecode.c.objc; path = "UIButton+WebCache.m"; sourceTree = "<group>"; };
		836694E11E88D5F400022D6D /* UIImage+GIF.h */ = {isa = PBXFileReference; fileEncoding = 4; lastKnownFileType = sourcecode.c.h; path = "UIImage+GIF.h"; sourceTree = "<group>"; };
		836694E21E88D5F400022D6D /* UIImage+GIF.m */ = {isa = PBXFileReference; fileEncoding = 4; lastKnownFileType = sourcecode.c.objc; path = "UIImage+GIF.m"; sourceTree = "<group>"; };
		836694E31E88D5F400022D6D /* UIImage+MultiFormat.h */ = {isa = PBXFileReference; fileEncoding = 4; lastKnownFileType = sourcecode.c.h; path = "UIImage+MultiFormat.h"; sourceTree = "<group>"; };
		836694E41E88D5F400022D6D /* UIImage+MultiFormat.m */ = {isa = PBXFileReference; fileEncoding = 4; lastKnownFileType = sourcecode.c.objc; path = "UIImage+MultiFormat.m"; sourceTree = "<group>"; };
		836694E51E88D5F400022D6D /* UIImage+WebP.h */ = {isa = PBXFileReference; fileEncoding = 4; lastKnownFileType = sourcecode.c.h; path = "UIImage+WebP.h"; sourceTree = "<group>"; };
		836694E61E88D5F400022D6D /* UIImage+WebP.m */ = {isa = PBXFileReference; fileEncoding = 4; lastKnownFileType = sourcecode.c.objc; path = "UIImage+WebP.m"; sourceTree = "<group>"; };
		836694E71E88D5F400022D6D /* UIImageView+HighlightedWebCache.h */ = {isa = PBXFileReference; fileEncoding = 4; lastKnownFileType = sourcecode.c.h; path = "UIImageView+HighlightedWebCache.h"; sourceTree = "<group>"; };
		836694E81E88D5F400022D6D /* UIImageView+HighlightedWebCache.m */ = {isa = PBXFileReference; fileEncoding = 4; lastKnownFileType = sourcecode.c.objc; path = "UIImageView+HighlightedWebCache.m"; sourceTree = "<group>"; };
		836694E91E88D5F400022D6D /* UIImageView+WebCache.h */ = {isa = PBXFileReference; fileEncoding = 4; lastKnownFileType = sourcecode.c.h; path = "UIImageView+WebCache.h"; sourceTree = "<group>"; };
		836694EA1E88D5F400022D6D /* UIImageView+WebCache.m */ = {isa = PBXFileReference; fileEncoding = 4; lastKnownFileType = sourcecode.c.objc; path = "UIImageView+WebCache.m"; sourceTree = "<group>"; };
		836694EB1E88D5F400022D6D /* UIView+WebCache.h */ = {isa = PBXFileReference; fileEncoding = 4; lastKnownFileType = sourcecode.c.h; path = "UIView+WebCache.h"; sourceTree = "<group>"; };
		836694EC1E88D5F400022D6D /* UIView+WebCache.m */ = {isa = PBXFileReference; fileEncoding = 4; lastKnownFileType = sourcecode.c.objc; path = "UIView+WebCache.m"; sourceTree = "<group>"; };
		836694ED1E88D5F400022D6D /* UIView+WebCacheOperation.h */ = {isa = PBXFileReference; fileEncoding = 4; lastKnownFileType = sourcecode.c.h; path = "UIView+WebCacheOperation.h"; sourceTree = "<group>"; };
		836694EE1E88D5F400022D6D /* UIView+WebCacheOperation.m */ = {isa = PBXFileReference; fileEncoding = 4; lastKnownFileType = sourcecode.c.objc; path = "UIView+WebCacheOperation.m"; sourceTree = "<group>"; };
/* End PBXFileReference section */

/* Begin PBXFrameworksBuildPhase section */
		836694861E88C31F00022D6D /* Frameworks */ = {
			isa = PBXFrameworksBuildPhase;
			buildActionMask = 2147483647;
			files = (
			);
			runOnlyForDeploymentPostprocessing = 0;
		};
		8366949F1E88C32000022D6D /* Frameworks */ = {
			isa = PBXFrameworksBuildPhase;
			buildActionMask = 2147483647;
			files = (
			);
			runOnlyForDeploymentPostprocessing = 0;
		};
		836694AA1E88C32000022D6D /* Frameworks */ = {
			isa = PBXFrameworksBuildPhase;
			buildActionMask = 2147483647;
			files = (
			);
			runOnlyForDeploymentPostprocessing = 0;
		};
/* End PBXFrameworksBuildPhase section */

/* Begin PBXGroup section */
		836694801E88C31F00022D6D = {
			isa = PBXGroup;
			children = (
				8366948B1E88C31F00022D6D /* NXBannerViewExample */,
				836694A51E88C32000022D6D /* NXBannerViewExampleTests */,
				836694B01E88C32000022D6D /* NXBannerViewExampleUITests */,
				8366948A1E88C31F00022D6D /* Products */,
			);
			sourceTree = "<group>";
		};
		8366948A1E88C31F00022D6D /* Products */ = {
			isa = PBXGroup;
			children = (
				836694891E88C31F00022D6D /* NXBannerViewExample.app */,
				836694A21E88C32000022D6D /* NXBannerViewExampleTests.xctest */,
				836694AD1E88C32000022D6D /* NXBannerViewExampleUITests.xctest */,
			);
			name = Products;
			sourceTree = "<group>";
		};
		8366948B1E88C31F00022D6D /* NXBannerViewExample */ = {
			isa = PBXGroup;
			children = (
				836694BF1E88CC3500022D6D /* NXBannerView */,
				8366948F1E88C32000022D6D /* AppDelegate.h */,
				836694901E88C32000022D6D /* AppDelegate.m */,
				836694921E88C32000022D6D /* ViewController.h */,
				836694931E88C32000022D6D /* ViewController.m */,
				836694951E88C32000022D6D /* Main.storyboard */,
				836694981E88C32000022D6D /* Assets.xcassets */,
				8366949A1E88C32000022D6D /* LaunchScreen.storyboard */,
				8366949D1E88C32000022D6D /* Info.plist */,
				836694C31E88D5F400022D6D /* libs */,
				8366948C1E88C31F00022D6D /* Supporting Files */,
			);
			path = NXBannerViewExample;
			sourceTree = "<group>";
		};
		8366948C1E88C31F00022D6D /* Supporting Files */ = {
			isa = PBXGroup;
			children = (
				8366948D1E88C31F00022D6D /* main.m */,
			);
			name = "Supporting Files";
			sourceTree = "<group>";
		};
		836694A51E88C32000022D6D /* NXBannerViewExampleTests */ = {
			isa = PBXGroup;
			children = (
				836694A61E88C32000022D6D /* NXBannerViewExampleTests.m */,
				836694A81E88C32000022D6D /* Info.plist */,
			);
			path = NXBannerViewExampleTests;
			sourceTree = "<group>";
		};
		836694B01E88C32000022D6D /* NXBannerViewExampleUITests */ = {
			isa = PBXGroup;
			children = (
				836694B11E88C32000022D6D /* NXBannerViewExampleUITests.m */,
				836694B31E88C32000022D6D /* Info.plist */,
			);
			path = NXBannerViewExampleUITests;
			sourceTree = "<group>";
		};
		836694BF1E88CC3500022D6D /* NXBannerView */ = {
			isa = PBXGroup;
			children = (
				836694C01E88CC3500022D6D /* NXBannerView.h */,
				836694C11E88CC3500022D6D /* NXBannerView.m */,
			);
			path = NXBannerView;
			sourceTree = "<group>";
		};
		836694C31E88D5F400022D6D /* libs */ = {
			isa = PBXGroup;
			children = (
				836694C41E88D5F400022D6D /* SDWebImage */,
			);
			path = libs;
			sourceTree = "<group>";
		};
		836694C41E88D5F400022D6D /* SDWebImage */ = {
			isa = PBXGroup;
			children = (
				836694C81E88D5F400022D6D /* MKAnnotationView+WebCache.h */,
				836694C91E88D5F400022D6D /* MKAnnotationView+WebCache.m */,
				836694CA1E88D5F400022D6D /* NSData+ImageContentType.h */,
				836694CB1E88D5F400022D6D /* NSData+ImageContentType.m */,
				836694CC1E88D5F400022D6D /* NSImage+WebCache.h */,
				836694CD1E88D5F400022D6D /* NSImage+WebCache.m */,
				836694CE1E88D5F400022D6D /* SDImageCache.h */,
				836694CF1E88D5F400022D6D /* SDImageCache.m */,
				836694D01E88D5F400022D6D /* SDImageCacheConfig.h */,
				836694D11E88D5F400022D6D /* SDImageCacheConfig.m */,
				836694D21E88D5F400022D6D /* SDWebImageCompat.h */,
				836694D31E88D5F400022D6D /* SDWebImageCompat.m */,
				836694D41E88D5F400022D6D /* SDWebImageDecoder.h */,
				836694D51E88D5F400022D6D /* SDWebImageDecoder.m */,
				836694D61E88D5F400022D6D /* SDWebImageDownloader.h */,
				836694D71E88D5F400022D6D /* SDWebImageDownloader.m */,
				836694D81E88D5F400022D6D /* SDWebImageDownloaderOperation.h */,
				836694D91E88D5F400022D6D /* SDWebImageDownloaderOperation.m */,
				836694DA1E88D5F400022D6D /* SDWebImageManager.h */,
				836694DB1E88D5F400022D6D /* SDWebImageManager.m */,
				836694DC1E88D5F400022D6D /* SDWebImageOperation.h */,
				836694DD1E88D5F400022D6D /* SDWebImagePrefetcher.h */,
				836694DE1E88D5F400022D6D /* SDWebImagePrefetcher.m */,
				836694DF1E88D5F400022D6D /* UIButton+WebCache.h */,
				836694E01E88D5F400022D6D /* UIButton+WebCache.m */,
				836694E11E88D5F400022D6D /* UIImage+GIF.h */,
				836694E21E88D5F400022D6D /* UIImage+GIF.m */,
				836694E31E88D5F400022D6D /* UIImage+MultiFormat.h */,
				836694E41E88D5F400022D6D /* UIImage+MultiFormat.m */,
				836694E51E88D5F400022D6D /* UIImage+WebP.h */,
				836694E61E88D5F400022D6D /* UIImage+WebP.m */,
				836694E71E88D5F400022D6D /* UIImageView+HighlightedWebCache.h */,
				836694E81E88D5F400022D6D /* UIImageView+HighlightedWebCache.m */,
				836694E91E88D5F400022D6D /* UIImageView+WebCache.h */,
				836694EA1E88D5F400022D6D /* UIImageView+WebCache.m */,
				836694EB1E88D5F400022D6D /* UIView+WebCache.h */,
				836694EC1E88D5F400022D6D /* UIView+WebCache.m */,
				836694ED1E88D5F400022D6D /* UIView+WebCacheOperation.h */,
				836694EE1E88D5F400022D6D /* UIView+WebCacheOperation.m */,
			);
			path = SDWebImage;
			sourceTree = "<group>";
		};
/* End PBXGroup section */

/* Begin PBXNativeTarget section */
		836694881E88C31F00022D6D /* NXBannerViewExample */ = {
			isa = PBXNativeTarget;
			buildConfigurationList = 836694B61E88C32000022D6D /* Build configuration list for PBXNativeTarget "NXBannerViewExample" */;
			buildPhases = (
				836694851E88C31F00022D6D /* Sources */,
				836694861E88C31F00022D6D /* Frameworks */,
				836694871E88C31F00022D6D /* Resources */,
			);
			buildRules = (
			);
			dependencies = (
			);
			name = NXBannerViewExample;
			productName = NXBannerViewExample;
			productReference = 836694891E88C31F00022D6D /* NXBannerViewExample.app */;
			productType = "com.apple.product-type.application";
		};
		836694A11E88C32000022D6D /* NXBannerViewExampleTests */ = {
			isa = PBXNativeTarget;
			buildConfigurationList = 836694B91E88C32000022D6D /* Build configuration list for PBXNativeTarget "NXBannerViewExampleTests" */;
			buildPhases = (
				8366949E1E88C32000022D6D /* Sources */,
				8366949F1E88C32000022D6D /* Frameworks */,
				836694A01E88C32000022D6D /* Resources */,
			);
			buildRules = (
			);
			dependencies = (
				836694A41E88C32000022D6D /* PBXTargetDependency */,
			);
			name = NXBannerViewExampleTests;
			productName = NXBannerViewExampleTests;
			productReference = 836694A21E88C32000022D6D /* NXBannerViewExampleTests.xctest */;
			productType = "com.apple.product-type.bundle.unit-test";
		};
		836694AC1E88C32000022D6D /* NXBannerViewExampleUITests */ = {
			isa = PBXNativeTarget;
			buildConfigurationList = 836694BC1E88C32000022D6D /* Build configuration list for PBXNativeTarget "NXBannerViewExampleUITests" */;
			buildPhases = (
				836694A91E88C32000022D6D /* Sources */,
				836694AA1E88C32000022D6D /* Frameworks */,
				836694AB1E88C32000022D6D /* Resources */,
			);
			buildRules = (
			);
			dependencies = (
				836694AF1E88C32000022D6D /* PBXTargetDependency */,
			);
			name = NXBannerViewExampleUITests;
			productName = NXBannerViewExampleUITests;
			productReference = 836694AD1E88C32000022D6D /* NXBannerViewExampleUITests.xctest */;
			productType = "com.apple.product-type.bundle.ui-testing";
		};
/* End PBXNativeTarget section */

/* Begin PBXProject section */
		836694811E88C31F00022D6D /* Project object */ = {
			isa = PBXProject;
			attributes = {
				LastUpgradeCheck = 0820;
				ORGANIZATIONNAME = Chris;
				TargetAttributes = {
					836694881E88C31F00022D6D = {
						CreatedOnToolsVersion = 8.2;
						DevelopmentTeam = 3RS294X472;
						ProvisioningStyle = Automatic;
					};
					836694A11E88C32000022D6D = {
						CreatedOnToolsVersion = 8.2;
						DevelopmentTeam = 3RS294X472;
						ProvisioningStyle = Automatic;
						TestTargetID = 836694881E88C31F00022D6D;
					};
					836694AC1E88C32000022D6D = {
						CreatedOnToolsVersion = 8.2;
						DevelopmentTeam = 3RS294X472;
						ProvisioningStyle = Automatic;
						TestTargetID = 836694881E88C31F00022D6D;
					};
				};
			};
			buildConfigurationList = 836694841E88C31F00022D6D /* Build configuration list for PBXProject "NXBannerViewExample" */;
			compatibilityVersion = "Xcode 3.2";
			developmentRegion = English;
			hasScannedForEncodings = 0;
			knownRegions = (
				en,
				Base,
			);
			mainGroup = 836694801E88C31F00022D6D;
			productRefGroup = 8366948A1E88C31F00022D6D /* Products */;
			projectDirPath = "";
			projectRoot = "";
			targets = (
				836694881E88C31F00022D6D /* NXBannerViewExample */,
				836694A11E88C32000022D6D /* NXBannerViewExampleTests */,
				836694AC1E88C32000022D6D /* NXBannerViewExampleUITests */,
			);
		};
/* End PBXProject section */

/* Begin PBXResourcesBuildPhase section */
		836694871E88C31F00022D6D /* Resources */ = {
			isa = PBXResourcesBuildPhase;
			buildActionMask = 2147483647;
			files = (
				8366949C1E88C32000022D6D /* LaunchScreen.storyboard in Resources */,
				836694991E88C32000022D6D /* Assets.xcassets in Resources */,
				836694971E88C32000022D6D /* Main.storyboard in Resources */,
			);
			runOnlyForDeploymentPostprocessing = 0;
		};
		836694A01E88C32000022D6D /* Resources */ = {
			isa = PBXResourcesBuildPhase;
			buildActionMask = 2147483647;
			files = (
			);
			runOnlyForDeploymentPostprocessing = 0;
		};
		836694AB1E88C32000022D6D /* Resources */ = {
			isa = PBXResourcesBuildPhase;
			buildActionMask = 2147483647;
			files = (
			);
			runOnlyForDeploymentPostprocessing = 0;
		};
/* End PBXResourcesBuildPhase section */

/* Begin PBXSourcesBuildPhase section */
		836694851E88C31F00022D6D /* Sources */ = {
			isa = PBXSourcesBuildPhase;
			buildActionMask = 2147483647;
			files = (
				836695001E88D5F400022D6D /* UIImageView+WebCache.m in Sources */,
				836694FC1E88D5F400022D6D /* UIImage+GIF.m in Sources */,
				836694F51E88D5F400022D6D /* SDWebImageCompat.m in Sources */,
				836694FB1E88D5F400022D6D /* UIButton+WebCache.m in Sources */,
				836695021E88D5F400022D6D /* UIView+WebCacheOperation.m in Sources */,
				836694FD1E88D5F400022D6D /* UIImage+MultiFormat.m in Sources */,
				836694FA1E88D5F400022D6D /* SDWebImagePrefetcher.m in Sources */,
				836694C21E88CC3500022D6D /* NXBannerView.m in Sources */,
				836694F31E88D5F400022D6D /* SDImageCache.m in Sources */,
				836694FE1E88D5F400022D6D /* UIImage+WebP.m in Sources */,
				836695011E88D5F400022D6D /* UIView+WebCache.m in Sources */,
				836694F81E88D5F400022D6D /* SDWebImageDownloaderOperation.m in Sources */,
				836694F61E88D5F400022D6D /* SDWebImageDecoder.m in Sources */,
				836694941E88C32000022D6D /* ViewController.m in Sources */,
				836694FF1E88D5F400022D6D /* UIImageView+HighlightedWebCache.m in Sources */,
				836694911E88C32000022D6D /* AppDelegate.m in Sources */,
				836694F71E88D5F400022D6D /* SDWebImageDownloader.m in Sources */,
				836694F41E88D5F400022D6D /* SDImageCacheConfig.m in Sources */,
				836694F11E88D5F400022D6D /* NSData+ImageContentType.m in Sources */,
				8366948E1E88C31F00022D6D /* main.m in Sources */,
				836694F91E88D5F400022D6D /* SDWebImageManager.m in Sources */,
				836694F21E88D5F400022D6D /* NSImage+WebCache.m in Sources */,
				836694F01E88D5F400022D6D /* MKAnnotationView+WebCache.m in Sources */,
			);
			runOnlyForDeploymentPostprocessing = 0;
		};
		8366949E1E88C32000022D6D /* Sources */ = {
			isa = PBXSourcesBuildPhase;
			buildActionMask = 2147483647;
			files = (
				836694A71E88C32000022D6D /* NXBannerViewExampleTests.m in Sources */,
			);
			runOnlyForDeploymentPostprocessing = 0;
		};
		836694A91E88C32000022D6D /* Sources */ = {
			isa = PBXSourcesBuildPhase;
			buildActionMask = 2147483647;
			files = (
				836694B21E88C32000022D6D /* NXBannerViewExampleUITests.m in Sources */,
			);
			runOnlyForDeploymentPostprocessing = 0;
		};
/* End PBXSourcesBuildPhase section */

/* Begin PBXTargetDependency section */
		836694A41E88C32000022D6D /* PBXTargetDependency */ = {
			isa = PBXTargetDependency;
			target = 836694881E88C31F00022D6D /* NXBannerViewExample */;
			targetProxy = 836694A31E88C32000022D6D /* PBXContainerItemProxy */;
		};
		836694AF1E88C32000022D6D /* PBXTargetDependency */ = {
			isa = PBXTargetDependency;
			target = 836694881E88C31F00022D6D /* NXBannerViewExample */;
			targetProxy = 836694AE1E88C32000022D6D /* PBXContainerItemProxy */;
		};
/* End PBXTargetDependency section */

/* Begin PBXVariantGroup section */
		836694951E88C32000022D6D /* Main.storyboard */ = {
			isa = PBXVariantGroup;
			children = (
				836694961E88C32000022D6D /* Base */,
			);
			name = Main.storyboard;
			sourceTree = "<group>";
		};
		8366949A1E88C32000022D6D /* LaunchScreen.storyboard */ = {
			isa = PBXVariantGroup;
			children = (
				8366949B1E88C32000022D6D /* Base */,
			);
			name = LaunchScreen.storyboard;
			sourceTree = "<group>";
		};
/* End PBXVariantGroup section */

/* Begin XCBuildConfiguration section */
		836694B41E88C32000022D6D /* Debug */ = {
			isa = XCBuildConfiguration;
			buildSettings = {
				ALWAYS_SEARCH_USER_PATHS = NO;
				CLANG_ANALYZER_NONNULL = YES;
				CLANG_CXX_LANGUAGE_STANDARD = "gnu++0x";
				CLANG_CXX_LIBRARY = "libc++";
				CLANG_ENABLE_MODULES = YES;
				CLANG_ENABLE_OBJC_ARC = YES;
				CLANG_WARN_BOOL_CONVERSION = YES;
				CLANG_WARN_CONSTANT_CONVERSION = YES;
				CLANG_WARN_DIRECT_OBJC_ISA_USAGE = YES_ERROR;
				CLANG_WARN_DOCUMENTATION_COMMENTS = YES;
				CLANG_WARN_EMPTY_BODY = YES;
				CLANG_WARN_ENUM_CONVERSION = YES;
				CLANG_WARN_INFINITE_RECURSION = YES;
				CLANG_WARN_INT_CONVERSION = YES;
				CLANG_WARN_OBJC_ROOT_CLASS = YES_ERROR;
				CLANG_WARN_SUSPICIOUS_MOVE = YES;
				CLANG_WARN_UNREACHABLE_CODE = YES;
				CLANG_WARN__DUPLICATE_METHOD_MATCH = YES;
				"CODE_SIGN_IDENTITY[sdk=iphoneos*]" = "iPhone Developer";
				COPY_PHASE_STRIP = NO;
				DEBUG_INFORMATION_FORMAT = dwarf;
				ENABLE_STRICT_OBJC_MSGSEND = YES;
				ENABLE_TESTABILITY = YES;
				GCC_C_LANGUAGE_STANDARD = gnu99;
				GCC_DYNAMIC_NO_PIC = NO;
				GCC_NO_COMMON_BLOCKS = YES;
				GCC_OPTIMIZATION_LEVEL = 0;
				GCC_PREPROCESSOR_DEFINITIONS = (
					"DEBUG=1",
					"$(inherited)",
				);
				GCC_WARN_64_TO_32_BIT_CONVERSION = YES;
				GCC_WARN_ABOUT_RETURN_TYPE = YES_ERROR;
				GCC_WARN_UNDECLARED_SELECTOR = YES;
				GCC_WARN_UNINITIALIZED_AUTOS = YES_AGGRESSIVE;
				GCC_WARN_UNUSED_FUNCTION = YES;
				GCC_WARN_UNUSED_VARIABLE = YES;
				IPHONEOS_DEPLOYMENT_TARGET = 10.2;
				MTL_ENABLE_DEBUG_INFO = YES;
				ONLY_ACTIVE_ARCH = YES;
				SDKROOT = iphoneos;
				TARGETED_DEVICE_FAMILY = "1,2";
			};
			name = Debug;
		};
		836694B51E88C32000022D6D /* Release */ = {
			isa = XCBuildConfiguration;
			buildSettings = {
				ALWAYS_SEARCH_USER_PATHS = NO;
				CLANG_ANALYZER_NONNULL = YES;
				CLANG_CXX_LANGUAGE_STANDARD = "gnu++0x";
				CLANG_CXX_LIBRARY = "libc++";
				CLANG_ENABLE_MODULES = YES;
				CLANG_ENABLE_OBJC_ARC = YES;
				CLANG_WARN_BOOL_CONVERSION = YES;
				CLANG_WARN_CONSTANT_CONVERSION = YES;
				CLANG_WARN_DIRECT_OBJC_ISA_USAGE = YES_ERROR;
				CLANG_WARN_DOCUMENTATION_COMMENTS = YES;
				CLANG_WARN_EMPTY_BODY = YES;
				CLANG_WARN_ENUM_CONVERSION = YES;
				CLANG_WARN_INFINITE_RECURSION = YES;
				CLANG_WARN_INT_CONVERSION = YES;
				CLANG_WARN_OBJC_ROOT_CLASS = YES_ERROR;
				CLANG_WARN_SUSPICIOUS_MOVE = YES;
				CLANG_WARN_UNREACHABLE_CODE = YES;
				CLANG_WARN__DUPLICATE_METHOD_MATCH = YES;
				"CODE_SIGN_IDENTITY[sdk=iphoneos*]" = "iPhone Developer";
				COPY_PHASE_STRIP = NO;
				DEBUG_INFORMATION_FORMAT = "dwarf-with-dsym";
				ENABLE_NS_ASSERTIONS = NO;
				ENABLE_STRICT_OBJC_MSGSEND = YES;
				GCC_C_LANGUAGE_STANDARD = gnu99;
				GCC_NO_COMMON_BLOCKS = YES;
				GCC_WARN_64_TO_32_BIT_CONVERSION = YES;
				GCC_WARN_ABOUT_RETURN_TYPE = YES_ERROR;
				GCC_WARN_UNDECLARED_SELECTOR = YES;
				GCC_WARN_UNINITIALIZED_AUTOS = YES_AGGRESSIVE;
				GCC_WARN_UNUSED_FUNCTION = YES;
				GCC_WARN_UNUSED_VARIABLE = YES;
				IPHONEOS_DEPLOYMENT_TARGET = 10.2;
				MTL_ENABLE_DEBUG_INFO = NO;
				SDKROOT = iphoneos;
				TARGETED_DEVICE_FAMILY = "1,2";
				VALIDATE_PRODUCT = YES;
			};
			name = Release;
		};
		836694B71E88C32000022D6D /* Debug */ = {
			isa = XCBuildConfiguration;
			buildSettings = {
				ASSETCATALOG_COMPILER_APPICON_NAME = AppIcon;
				DEVELOPMENT_TEAM = 3RS294X472;
				INFOPLIST_FILE = NXBannerViewExample/Info.plist;
				LD_RUNPATH_SEARCH_PATHS = "$(inherited) @executable_path/Frameworks";
				PRODUCT_BUNDLE_IDENTIFIER = ChrisK.NXBannerViewExample;
				PRODUCT_NAME = "$(TARGET_NAME)";
			};
			name = Debug;
		};
		836694B81E88C32000022D6D /* Release */ = {
			isa = XCBuildConfiguration;
			buildSettings = {
				ASSETCATALOG_COMPILER_APPICON_NAME = AppIcon;
				DEVELOPMENT_TEAM = 3RS294X472;
				INFOPLIST_FILE = NXBannerViewExample/Info.plist;
				LD_RUNPATH_SEARCH_PATHS = "$(inherited) @executable_path/Frameworks";
				PRODUCT_BUNDLE_IDENTIFIER = ChrisK.NXBannerViewExample;
				PRODUCT_NAME = "$(TARGET_NAME)";
			};
			name = Release;
		};
		836694BA1E88C32000022D6D /* Debug */ = {
			isa = XCBuildConfiguration;
			buildSettings = {
				BUNDLE_LOADER = "$(TEST_HOST)";
				DEVELOPMENT_TEAM = 3RS294X472;
				INFOPLIST_FILE = NXBannerViewExampleTests/Info.plist;
				LD_RUNPATH_SEARCH_PATHS = "$(inherited) @executable_path/Frameworks @loader_path/Frameworks";
				PRODUCT_BUNDLE_IDENTIFIER = ChrisK.NXBannerViewExampleTests;
				PRODUCT_NAME = "$(TARGET_NAME)";
				TEST_HOST = "$(BUILT_PRODUCTS_DIR)/NXBannerViewExample.app/NXBannerViewExample";
			};
			name = Debug;
		};
		836694BB1E88C32000022D6D /* Release */ = {
			isa = XCBuildConfiguration;
			buildSettings = {
				BUNDLE_LOADER = "$(TEST_HOST)";
				DEVELOPMENT_TEAM = 3RS294X472;
				INFOPLIST_FILE = NXBannerViewExampleTests/Info.plist;
				LD_RUNPATH_SEARCH_PATHS = "$(inherited) @executable_path/Frameworks @loader_path/Frameworks";
				PRODUCT_BUNDLE_IDENTIFIER = ChrisK.NXBannerViewExampleTests;
				PRODUCT_NAME = "$(TARGET_NAME)";
				TEST_HOST = "$(BUILT_PRODUCTS_DIR)/NXBannerViewExample.app/NXBannerViewExample";
			};
			name = Release;
		};
		836694BD1E88C32000022D6D /* Debug */ = {
			isa = XCBuildConfiguration;
			buildSettings = {
				DEVELOPMENT_TEAM = 3RS294X472;
				INFOPLIST_FILE = NXBannerViewExampleUITests/Info.plist;
				LD_RUNPATH_SEARCH_PATHS = "$(inherited) @executable_path/Frameworks @loader_path/Frameworks";
				PRODUCT_BUNDLE_IDENTIFIER = ChrisK.NXBannerViewExampleUITests;
				PRODUCT_NAME = "$(TARGET_NAME)";
				TEST_TARGET_NAME = NXBannerViewExample;
			};
			name = Debug;
		};
		836694BE1E88C32000022D6D /* Release */ = {
			isa = XCBuildConfiguration;
			buildSettings = {
				DEVELOPMENT_TEAM = 3RS294X472;
				INFOPLIST_FILE = NXBannerViewExampleUITests/Info.plist;
				LD_RUNPATH_SEARCH_PATHS = "$(inherited) @executable_path/Frameworks @loader_path/Frameworks";
				PRODUCT_BUNDLE_IDENTIFIER = ChrisK.NXBannerViewExampleUITests;
				PRODUCT_NAME = "$(TARGET_NAME)";
				TEST_TARGET_NAME = NXBannerViewExample;
			};
			name = Release;
		};
/* End XCBuildConfiguration section */

/* Begin XCConfigurationList section */
		836694841E88C31F00022D6D /* Build configuration list for PBXProject "NXBannerViewExample" */ = {
			isa = XCConfigurationList;
			buildConfigurations = (
				836694B41E88C32000022D6D /* Debug */,
				836694B51E88C32000022D6D /* Release */,
			);
			defaultConfigurationIsVisible = 0;
			defaultConfigurationName = Release;
		};
		836694B61E88C32000022D6D /* Build configuration list for PBXNativeTarget "NXBannerViewExample" */ = {
			isa = XCConfigurationList;
			buildConfigurations = (
				836694B71E88C32000022D6D /* Debug */,
				836694B81E88C32000022D6D /* Release */,
			);
			defaultConfigurationIsVisible = 0;
			defaultConfigurationName = Release;
		};
		836694B91E88C32000022D6D /* Build configuration list for PBXNativeTarget "NXBannerViewExampleTests" */ = {
			isa = XCConfigurationList;
			buildConfigurations = (
				836694BA1E88C32000022D6D /* Debug */,
				836694BB1E88C32000022D6D /* Release */,
			);
			defaultConfigurationIsVisible = 0;
			defaultConfigurationName = Release;
		};
		836694BC1E88C32000022D6D /* Build configuration list for PBXNativeTarget "NXBannerViewExampleUITests" */ = {
			isa = XCConfigurationList;
			buildConfigurations = (
				836694BD1E88C32000022D6D /* Debug */,
				836694BE1E88C32000022D6D /* Release */,
			);
			defaultConfigurationIsVisible = 0;
			defaultConfigurationName = Release;
		};
/* End XCConfigurationList section */
	};
	rootObject = 836694811E88C31F00022D6D /* Project object */;
}
